lockfileVersion: '9.0'

settings:
  autoInstallPeers: true
  excludeLinksFromLockfile: false

importers:

  .:
    dependencies:
      '@solana-program/address-lookup-table':
        specifier: ^0.11.0
        version: 0.11.0(@solana/kit@6.8.0(typescript@5.9.3))
      '@solana-program/compute-budget':
        specifier: ^0.15.0
        version: 0.15.0(@solana/kit@6.8.0(typescript@5.9.3))
      '@solana-program/system':
        specifier: ^0.12.0
        version: 0.12.0(@solana/kit@6.8.0(typescript@5.9.3))
      '@solana-program/token':
        specifier: ^0.13.0
        version: 0.13.0(@solana/kit@6.8.0(typescript@5.9.3))
      '@solana/kit':
        specifier: ^6.8.0
        version: 6.8.0(typescript@5.9.3)
      '@voltr/vault-sdk':
        specifier: ^2.0.0
        version: 2.0.0(@solana/kit@6.8.0(typescript@5.9.3))(typescript@5.9.3)
      bs58:
        specifier: ^6.0.0
        version: 6.0.0
      dotenv:
        specifier: ^16.5.0
        version: 16.6.1
    devDependencies:
      '@types/node':
        specifier: ^22.10.10
        version: 22.19.17
      ts-node:
        specifier: ^10.9.2
        version: 10.9.2(@types/node@22.19.17)(typescript@5.9.3)
      typescript:
        specifier: ^5.7.3
        version: 5.9.3

packages:

  '@cspotcode/source-map-support@0.8.1':
    resolution: {integrity: sha512-IchNf6dN4tHoMFIn/7OE8LWZ19Y6q/67Bmf6vnGREv8RSbBVb9LPJxEcnwrcwX6ixSvaiGoomAUvu4YSxXrVgw==}
    engines: {node: '>=12'}

  '@jridgewell/resolve-uri@3.1.2':
    resolution: {integrity: sha512-bRISgCIjP20/tbWSPWMEi54QVPRZExkuD9lJL+UIxUKtwVJA8wW1Trb1jMs1RFXo1CBTNZ/5hpC9QvmKWdopKw==}
    engines: {node: '>=6.0.0'}

  '@jridgewell/sourcemap-codec@1.5.5':
    resolution: {integrity: sha512-cYQ9310grqxueWbl+WuIUIaiUaDcj7WOq5fVhEljNVgRfOUhY9fy2zTvfoqWsnebh8Sl70VScFbICvJnLKB0Og==}

  '@jridgewell/trace-mapping@0.3.9':
    resolution: {integrity: sha512-3Belt6tdc8bPgAtbcmdtNJlirVoTmEb5e2gC94PnkwEW9jI6CAHUeoG85tjWP5WquqfavoMtMwiG4P926ZKKuQ==}

  '@solana-program/address-lookup-table@0.11.0':
    resolution: {integrity: sha512-loC6VTEhmhYSq2ElZrv+V9uHp/Te6A7rllLIArk9c3A5+5V7sRhVsxZvsPGcv/WMXLgqmXR+Vl7WF7QSV3tXNQ==}
    peerDependencies:
      '@solana/kit': ^6.0

  '@solana-program/compute-budget@0.15.0':
    resolution: {integrity: sha512-toejNdIkzpUTqLSIzP0Nofr/EFel8QpPWuTtIKzfCcjn+mXpkThHxPJaNesk251rSTiWaxDZ3WxG7RxYwTWTqA==}
    peerDependencies:
      '@solana/kit': ^6.3.0

  '@solana-program/system@0.12.0':
    resolution: {integrity: sha512-ZnAAWeGVMWNtJhw3GdifI2HnhZ0A0H0qs8tBkcFvxp/8wIavvO+GOM4Jd0N22u2+Lni2zcwvcrxrsxj6Mjphng==}
    peerDependencies:
      '@solana/kit': ^6.1.0

  '@solana-program/token@0.13.0':
    resolution: {integrity: sha512-/Apjrd5lwOJGrPB0J5Rv7EBeclvyEBQPAGA85Scm7wBH+GpkbdLDM9uK3TNg8jjFKyWQYai/JtPHbrx7VgFLSg==}
    peerDependencies:
      '@solana/kit': ^6.5.0

  '@solana/accounts@6.8.0':
    resolution: {integrity: sha512-rXjFYVopaEw1H2PTBQbRjKr+0i4EFuBEhRT5E0dI4cMaabSb4KKypC2gaf47+6cjU3hMlM1AcsyIs72/MqAVBw==}
    engines: {node: '>=20.18.0'}
    peerDependencies:
      typescript: '>=5.0.0'
    peerDependenciesMeta:
      typescript:
        optional: true

  '@solana/addresses@6.8.0':
    resolution: {integrity: sha512-xVlA0DNX1LVfTueVsbhxDDoqr1VxeXvgJEh2GcIN/vcJPhY3GE3AYtjTbJJmTDgPrzOccI0t6ElVb1gelJH/PQ==}
    engines: {node: '>=20.18.0'}
    peerDependencies:
      typescript: '>=5.0.0'
    peerDependenciesMeta:
      typescript:
        optional: true

  '@solana/assertions@6.8.0':
    resolution: {integrity: sha512-OU6prCq39fSvGL8xY1C/9vhghasvAkMiRlituzJxzJpZRfpVRrwhzLd6P5NPAPoQ28qKcenA50kFdw9+ZyneJQ==}
    engines: {node: '>=20.18.0'}
    peerDependencies:
      typescript: '>=5.0.0'
    peerDependenciesMeta:
      typescript:
        optional: true

  '@solana/codecs-core@6.8.0':
    resolution: {integrity: sha512-udFO8TrvzgROonwX3rY3E2SG675RehILNb4ZYcKlf1mL7vkDJ9bEJnBxi87AEwl8RWZFTl+MhT0MmrJnbpvdug==}
    engines: {node: '>=20.18.0'}
    peerDependencies:
      typescript: '>=5.0.0'
    peerDependenciesMeta:
      typescript:
        optional: true

  '@solana/codecs-data-structures@6.8.0':
    resolution: {integrity: sha512-lHr0F+nNwgm9c+tWQX398yzYh1qDi7QSCJpY9MQ2azW4FfY2IyPSo7bqzTaWNnJh9pmJx3ZI6jHfXBnLD5k/SQ==}
    engines: {node: '>=20.18.0'}
    peerDependencies:
      typescript: '>=5.0.0'
    peerDependenciesMeta:
      typescript:
        optional: true

  '@solana/codecs-numbers@6.8.0':
    resolution: {integrity: sha512-ebf4f1D19EAe0uhdUYOCEYnn5+EellsBxbJ42tM2yYEoIBVz5FoBBC0gSsq+UTNbQHFa7XagyBT3LewxXttiTQ==}
    engines: {node: '>=20.18.0'}
    peerDependencies:
      typescript: '>=5.0.0'
    peerDependenciesMeta:
      typescript:
        optional: true

  '@solana/codecs-strings@6.8.0':
    resolution: {integrity: sha512-Rpk5NVhbKYcPnE7wz3IpTp0GVNVs0IYKdmyzByiimgPTiII8eb8ay4wQiYHGHrpYh62hD14Qy3GiGDFgipRKqA==}
    engines: {node: '>=20.18.0'}
    peerDependencies:
      fastestsmallesttextencoderdecoder: ^1.0.22
      typescript: '>=5.0.0'
    peerDependenciesMeta:
      fastestsmallesttextencoderdecoder:
        optional: true
      typescript:
        optional: true

  '@solana/codecs@6.8.0':
    resolution: {integrity: sha512-qCSAaw1qszeQflavkIM7c21qJ3BHReP/qgDelZbhsEXpZc852CCZM00FOIWuxePr6X+JjSNqJquxwdDSoZe7Bw==}
    engines: {node: '>=20.18.0'}
    peerDependencies:
      typescript: '>=5.0.0'
    peerDependenciesMeta:
      typescript:
        optional: true

  '@solana/errors@6.8.0':
    resolution: {integrity: sha512-HRTrLgTn0c99GKz4v4IKgz2+6soaRY1mh2tLW4sk1Fe4Zzv85Q6ZLK1mXrVGL73z1apyHDrr9/Sd/9ZhUsUvpA==}
    engines: {node: '>=20.18.0'}
    hasBin: true
    peerDependencies:
      typescript: '>=5.0.0'
    peerDependenciesMeta:
      typescript:
        optional: true

  '@solana/fast-stable-stringify@6.8.0':
    resolution: {integrity: sha512-lZa3Qnsn+9ew6rHTXkPc+uqSa3i+AWqSBhV6oYxxBc+smvuxovItU4TPIs30cTfA7lAP+j+oYAQtUDu2dLy0hA==}
    engines: {node: '>=20.18.0'}
    peerDependencies:
      typescript: '>=5.0.0'
    peerDependenciesMeta:
      typescript:
        optional: true

  '@solana/functional@6.8.0':
    resolution: {integrity: sha512-oMSAD/8w9ujx7OplvwRWwHHFnaaxi/Xrji1XH3xAB+gzxupUpBbOmgxQ+e84x+9VN8QWk5aU3L7gmCqdTAR6OA==}
    engines: {node: '>=20.18.0'}
    peerDependencies:
      typescript: '>=5.0.0'
    peerDependenciesMeta:
      typescript:
        optional: true

  '@solana/instruction-plans@6.8.0':
    resolution: {integrity: sha512-osAsY8ozqohrcTcHlG1EmO3i9flc0eESMIy9akTHyVvqk915gZgkaTmt4IjcYSwBGt7i+Rh8TmLj27RrTpCKvg==}
    engines: {node: '>=20.18.0'}
    peerDependencies:
      typescript: '>=5.0.0'
    peerDependenciesMeta:
      typescript:
        optional: true

  '@solana/instructions@6.8.0':
    resolution: {integrity: sha512-dTtykhS9IeN3npCfnd7wSS6KmKAh54+g90JRtLYy5/31L2Zvunf3AJz2QUk58vgsAGZ5fuoiMyhCxRJm4rHUBQ==}
    engines: {node: '>=20.18.0'}
    peerDependencies:
      typescript: '>=5.0.0'
    peerDependenciesMeta:
      typescript:
        optional: true

  '@solana/keys@6.8.0':
    resolution: {integrity: sha512-Wo8CnbrVfCP1Jbsb3ElMej/3dmMrl4ArPhI1mDcqIIz/O4j4HmxZYbn2BCWtnV9V/LPM638EMO2r1x6GzDNrPA==}
    engines: {node: '>=20.18.0'}
    peerDependencies:
      typescript: '>=5.0.0'
    peerDependenciesMeta:
      typescript:
        optional: true

  '@solana/kit@6.8.0':
    resolution: {integrity: sha512-+McC1aCgcUBdM7Cd7U6k2ZHJ9OKCy5mzpb0XWrhkrgsFxT0QoRr0AcWJc85o6tIDfG6Jz7vVhbS3l8ugYz2Vzw==}
    engines: {node: '>=20.18.0'}
    peerDependencies:
      typescript: '>=5.0.0'
    peerDependenciesMeta:
      typescript:
        optional: true

  '@solana/nominal-types@6.8.0':
    resolution: {integrity: sha512-mLmHr92pM4mEfe49GUmZ5Ry0RMqtMuFQqZYnxQqhDKMcl+Wtt820ezxYgwPhqcMxRzfqaQSO3ZxpSB0RlLBa/Q==}
    engines: {node: '>=20.18.0'}
    peerDependencies:
      typescript: '>=5.0.0'
    peerDependenciesMeta:
      typescript:
        optional: true

  '@solana/offchain-messages@6.8.0':
    resolution: {integrity: sha512-HoniTs2uoCHGicD0dTTJ3YBhLZC9URxdXXUf0CHalLFwAidF9iNuB8dsuKk16Euu68L4/ERKKGfyC0QobBvahw==}
    engines: {node: '>=20.18.0'}
    peerDependencies:
      typescript: '>=5.0.0'
    peerDependenciesMeta:
      typescript:
        optional: true

  '@solana/options@6.8.0':
    resolution: {integrity: sha512-T5441HHeucFaLtaMAJQJl79T7mX007oAFPunpPebBphRvCXGv+qQwQvqa4HkYct6Jf2O0aKLBL9GSe/kfdCk9A==}
    engines: {node: '>=20.18.0'}
    peerDependencies:
      typescript: '>=5.0.0'
    peerDependenciesMeta:
      typescript:
        optional: true

  '@solana/plugin-core@6.8.0':
    resolution: {integrity: sha512-kdqFIhQvJP2BDUsMOIbor35esj8u78SO33Xv0Wmo+uTRg6yKONKVK53ghw235pWrinOT4f0VnVe6MN6ciYiQVA==}
    engines: {node: '>=20.18.0'}
    peerDependencies:
      typescript: '>=5.0.0'
    peerDependenciesMeta:
      typescript:
        optional: true

  '@solana/plugin-interfaces@6.8.0':
    resolution: {integrity: sha512-4olaMKGUVA7wG6BBWM5A31bQsUWBlfcL1pjhq6ZTqVEJ7vshHXGwHVlWYXYyYn9ixozGDpGSl553yaRY9jQwWw==}
    engines: {node: '>=20.18.0'}
    peerDependencies:
      typescript: '>=5.0.0'
    peerDependenciesMeta:
      typescript:
        optional: true

  '@solana/program-client-core@6.8.0':
    resolution: {integrity: sha512-eOZtEnwl+vdiy9x/rFF89NDtnvt+Q3H04A/0u4GoHnt+fFkQG3JS+ChWG9c77izmpmRuz5C1GptOPDGNDnIUgQ==}
    engines: {node: '>=20.18.0'}
    peerDependencies:
      typescript: '>=5.0.0'
    peerDependenciesMeta:
      typescript:
        optional: true

  '@solana/programs@6.8.0':
    resolution: {integrity: sha512-8hSKGfPTLX9Sm7KGV/UtiGCeSzptT/9vcjbodE+ZGHKFefo5vES4UAW+qD01LjL7IumGtMJvnfhCWt81qT/jbQ==}
    engines: {node: '>=20.18.0'}
    peerDependencies:
      typescript: '>=5.0.0'
    peerDependenciesMeta:
      typescript:
        optional: true

  '@solana/promises@6.8.0':
    resolution: {integrity: sha512-kIypZG83ZbADbrAq9/LS7LuWlVxlgJSzIpic75+9IuAfC3k5/KSus8LrvggBkCzfAyIslrUh70iz4JcnzUZrOw==}
    engines: {node: '>=20.18.0'}
    peerDependencies:
      typescript: '>=5.0.0'
    peerDependenciesMeta:
      typescript:
        optional: true

  '@solana/rpc-api@6.8.0':
    resolution: {integrity: sha512-v8ZKWgPtKbF6HeJcfC4ciwI8mwDCizBtRLYYjjHOu+9S9IJYyefQzsQxL5P8OjJPpI4gFauT6gsjQLo76BoojA==}
    engines: {node: '>=20.18.0'}
    peerDependencies:
      typescript: '>=5.0.0'
    peerDependenciesMeta:
      typescript:
        optional: true

  '@solana/rpc-parsed-types@6.8.0':
    resolution: {integrity: sha512-jYddZviBSUYbuUKqvNthet7KbJVI7me6xfRH2znv1SjIpmvhSPJcGN5QrlHVOasHdzEWSpvZa5VYDfnqH3aYvA==}
    engines: {node: '>=20.18.0'}
    peerDependencies:
      typescript: '>=5.0.0'
    peerDependenciesMeta:
      typescript:
        optional: true

  '@solana/rpc-spec-types@6.8.0':
    resolution: {integrity: sha512-ebCWgiQbIgFOehU7PdRFmYCzda3Azc/qa2Y3P8gexSHSsDAO27VwS4E05XSY+a7cIL5MYmvUa1vpDynl1Rkakw==}
    engines: {node: '>=20.18.0'}
    peerDependencies:
      typescript: '>=5.0.0'
    peerDependenciesMeta:
      typescript:
        optional: true

  '@solana/rpc-spec@6.8.0':
    resolution: {integrity: sha512-kE5uOspxCVFJKNUu73hlebGiAFosjfYXbbTXAbGKfksPzy84u1oJFC2IVIobLRnqUCw1x7oJcvfnX00Zs0Itpg==}
    engines: {node: '>=20.18.0'}
    peerDependencies:
      typescript: '>=5.0.0'
    peerDependenciesMeta:
      typescript:
        optional: true

  '@solana/rpc-subscriptions-api@6.8.0':
    resolution: {integrity: sha512-cPJOsydyoqkztW3msEH09wPDYqxJcMvO6DBlvrboq6wGu1UjeP66w2eApzQ8POoQHxhyw+CfEXl1Gbu6kKwuMQ==}
    engines: {node: '>=20.18.0'}
    peerDependencies:
      typescript: '>=5.0.0'
    peerDependenciesMeta:
      typescript:
        optional: true

  '@solana/rpc-subscriptions-channel-websocket@6.8.0':
    resolution: {integrity: sha512-c3PpkorYwhAz1iuUfM5sLpZQi8xtZFGbaPbaPRELVeDjFSRzoa12KFnuQs4i9fbVbLy5Cnt1t23tf0bL2snZCQ==}
    engines: {node: '>=20.18.0'}
    peerDependencies:
      typescript: '>=5.0.0'
    peerDependenciesMeta:
      typescript:
        optional: true

  '@solana/rpc-subscriptions-spec@6.8.0':
    resolution: {integrity: sha512-+t4L5q9qE6IVfunW3n1amA/3EswJr64pVqRF7234vCUuVUz4PgYfbqtEBV3KkA1o0NwEHHM3pXuofT63nBb8Bg==}
    engines: {node: '>=20.18.0'}
    peerDependencies:
      typescript: '>=5.0.0'
    peerDependenciesMeta:
      typescript:
        optional: true

  '@solana/rpc-subscriptions@6.8.0':
    resolution: {integrity: sha512-9CotreNZmKAP2z07FY1I7TPPvylKLFF5p4mujB5ZFMHQPp5JVQFVCmMIhSj5voZHAeYx7jdwJ2Kf0RDeClqJzA==}
    engines: {node: '>=20.18.0'}
    peerDependencies:
      typescript: '>=5.0.0'
    peerDependenciesMeta:
      typescript:
        optional: true

  '@solana/rpc-transformers@6.8.0':
    resolution: {integrity: sha512-GzcFkllym7eXbw7grdE41MCb15CjkibrXtr7EFsf4d6LD9DRvzFj2ZRYywS2FB2ibVP0LUXXGk3vmtkZJjfajA==}
    engines: {node: '>=20.18.0'}
    peerDependencies:
      typescript: '>=5.0.0'
    peerDependenciesMeta:
      typescript:
        optional: true

  '@solana/rpc-transport-http@6.8.0':
    resolution: {integrity: sha512-jw/L0q2motGcx7yo6KvkKJd2HGVg9gvViXatFloLl1XmHbkwE7+97YYmG17WRuM5xauzI/UGYOXNW7cEB+Uaxw==}
    engines: {node: '>=20.18.0'}
    peerDependencies:
      typescript: '>=5.0.0'
    peerDependenciesMeta:
      typescript:
        optional: true

  '@solana/rpc-types@6.8.0':
    resolution: {integrity: sha512-vACMV9VR2JsZGDcgaMOFN/dwLK57CsE+erassxxtF12sSPXJooz+Vu1vyY2Yp2EkCc7mDf7BNkTKvSXajbt+Qw==}
    engines: {node: '>=20.18.0'}
    peerDependencies:
      typescript: '>=5.0.0'
    peerDependenciesMeta:
      typescript:
        optional: true

  '@solana/rpc@6.8.0':
    resolution: {integrity: sha512-+jW4n9TDmBttY3bO3PdUo54GAnwFrd7UJsyfXoMgl/lWGQq5uddYDgnzQLtHOBP5zKslkR8h0RKkic0GZhMZrQ==}
    engines: {node: '>=20.18.0'}
    peerDependencies:
      typescript: '>=5.0.0'
    peerDependenciesMeta:
      typescript:
        optional: true

  '@solana/signers@6.8.0':
    resolution: {integrity: sha512-7E1cAXBLOcz9kmHhzWdu5m3UJlJzxfwOl8irOMLJI6NnKB2EmU0B0h4I+Mlfs9w8Bfj0WQpUei21ammbNBq39g==}
    engines: {node: '>=20.18.0'}
    peerDependencies:
      typescript: '>=5.0.0'
    peerDependenciesMeta:
      typescript:
        optional: true

  '@solana/subscribable@6.8.0':
    resolution: {integrity: sha512-yj41Q97MiWrOmLj1iRFobvTdtU6H5wz5BlH5FHJg9lyapy1YQyaYF37MZx4LiUj4Ww0V3ReluIZTWWDBOJ53Jg==}
    engines: {node: '>=20.18.0'}
    peerDependencies:
      typescript: '>=5.0.0'
    peerDependenciesMeta:
      typescript:
        optional: true

  '@solana/sysvars@6.8.0':
    resolution: {integrity: sha512-pwfMpMNL6MSmm07eHQYdTdRdzmPOd+EuVCCaNLSYdWGpYcocVJiaLiNWRV3cXA5wPj/ZFkoUGtc1bo0v7H50lw==}
    engines: {node: '>=20.18.0'}
    peerDependencies:
      typescript: '>=5.0.0'
    peerDependenciesMeta:
      typescript:
        optional: true

  '@solana/transaction-confirmation@6.8.0':
    resolution: {integrity: sha512-R6rj8y/+kZqYJr8FR/fWxgi3Pw3eCiacUyjCPTVtdVe6i+hIiBApTGLzXrSRJmAMdpZrjYBZU1cG8C6oAb+B2A==}
    engines: {node: '>=20.18.0'}
    peerDependencies:
      typescript: '>=5.0.0'
    peerDependenciesMeta:
      typescript:
        optional: true

  '@solana/transaction-messages@6.8.0':
    resolution: {integrity: sha512-jsJu9mAcN1x7onKOeC4WEvYP04UVcnkOYu/9bMe+S9jqjL+3DMy9kFZpV5FBl+TPuTNJrtOqc6Gc28hUWyyp1A==}
    engines: {node: '>=20.18.0'}
    peerDependencies:
      typescript: '>=5.0.0'
    peerDependenciesMeta:
      typescript:
        optional: true

  '@solana/transactions@6.8.0':
    resolution: {integrity: sha512-Q46m+o3C1yL2EIZBAP5B8ou2VZwHN9wTi+muIS6/giCKO3jwUtnTEbWcZEDMj2vxUb7P2WfwTluZb/VAWxlx7Q==}
    engines: {node: '>=20.18.0'}
    peerDependencies:
      typescript: '>=5.0.0'
    peerDependenciesMeta:
      typescript:
        optional: true

  '@tsconfig/node10@1.0.12':
    resolution: {integrity: sha512-UCYBaeFvM11aU2y3YPZ//O5Rhj+xKyzy7mvcIoAjASbigy8mHMryP5cK7dgjlz2hWxh1g5pLw084E0a/wlUSFQ==}

  '@tsconfig/node12@1.0.11':
    resolution: {integrity: sha512-cqefuRsh12pWyGsIoBKJA9luFu3mRxCA+ORZvA4ktLSzIuCUtWVxGIuXigEwO5/ywWFMZ2QEGKWvkZG1zDMTag==}

  '@tsconfig/node14@1.0.3':
    resolution: {integrity: sha512-ysT8mhdixWK6Hw3i1V2AeRqZ5WfXg1G43mqoYlM2nc6388Fq5jcXyr5mRsqViLx/GJYdoL0bfXD8nmF+Zn/Iow==}

  '@tsconfig/node16@1.0.4':
    resolution: {integrity: sha512-vxhUy4J8lyeyinH7Azl1pdd43GJhZH/tP2weN8TntQblOY+A0XbT8DJk1/oCPuOOyg/Ja757rG0CgHcWC8OfMA==}

  '@types/node@22.19.17':
    resolution: {integrity: sha512-wGdMcf+vPYM6jikpS/qhg6WiqSV/OhG+jeeHT/KlVqxYfD40iYJf9/AE1uQxVWFvU7MipKRkRv8NSHiCGgPr8Q==}

  '@voltr/vault-sdk@2.0.0':
    resolution: {integrity: sha512-IoNGgf3SY+OWYKMunavozKOnZ25W7InqRNPV8nFj9RZfgu5ZPn2IPZWaLvqoxeEdZ4FydnMAwRRQJTb08cPAcg==}
    peerDependencies:
      '@solana/kit': ^6.1.0

  acorn-walk@8.3.5:
    resolution: {integrity: sha512-HEHNfbars9v4pgpW6SO1KSPkfoS0xVOM/9UzkJltjlsHZmJasxg8aXkuZa7SMf8vKGIBhpUsPluQSqhJFCqebw==}
    engines: {node: '>=0.4.0'}

  acorn@8.16.0:
    resolution: {integrity: sha512-UVJyE9MttOsBQIDKw1skb9nAwQuR5wuGD3+82K6JgJlm/Y+KI92oNsMNGZCYdDsVtRHSak0pcV5Dno5+4jh9sw==}
    engines: {node: '>=0.4.0'}
    hasBin: true

  arg@4.1.3:
    resolution: {integrity: sha512-58S9QDqG0Xx27YwPSt9fJxivjYl432YCwfDMfZ+71RAqUrZef7LrKQZ3LHLOwCS4FLNBplP533Zx895SeOCHvA==}

  base-x@5.0.1:
    resolution: {integrity: sha512-M7uio8Zt++eg3jPj+rHMfCC+IuygQHHCOU+IYsVtik6FWjuYpVt/+MRKcgsAMHh8mMFAwnB+Bs+mTrFiXjMzKg==}

  bs58@6.0.0:
    resolution: {integrity: sha512-PD0wEnEYg6ijszw/u8s+iI3H17cTymlrwkKhDhPZq+Sokl3AU4htyBFTjAeNAlCCmg0f53g6ih3jATyCKftTfw==}

  chalk@5.6.2:
    resolution: {integrity: sha512-7NzBL0rN6fMUW+f7A6Io4h40qQlG+xGmtMxfbnH/K7TAtt8JQWVQK+6g0UXKMeVJoyV5EkkNsErQ8pVD3bLHbA==}
    engines: {node: ^12.17.0 || ^14.13 || >=16.0.0}

  commander@14.0.3:
    resolution: {integrity: sha512-H+y0Jo/T1RZ9qPP4Eh1pkcQcLRglraJaSLoyOtHxu6AapkjWVCy2Sit1QQ4x3Dng8qDlSsZEet7g5Pq06MvTgw==}
    engines: {node: '>=20'}

  create-require@1.1.1:
    resolution: {integrity: sha512-dcKFX3jn0MpIaXjisoRvexIJVEKzaq7z2rZKxf+MSr9TkdmHmsU4m2lcLojrj/FHl8mk5VxMmYA+ftRkP/3oKQ==}

  diff@4.0.4:
    resolution: {integrity: sha512-X07nttJQkwkfKfvTPG/KSnE2OMdcUCao6+eXF3wmnIQRn2aPAHH3VxDbDOdegkd6JbPsXqShpvEOHfAT+nCNwQ==}
    engines: {node: '>=0.3.1'}

  dotenv@16.6.1:
    resolution: {integrity: sha512-uBq4egWHTcTt33a72vpSG0z3HnPuIl6NqYcTrKEg2azoEyl2hpW0zqlxysq2pK9HlDIHyHyakeYaYnSAwd8bow==}
    engines: {node: '>=12'}

  make-error@1.3.6:
    resolution: {integrity: sha512-s8UhlNe7vPKomQhC1qFelMokr/Sc3AgNbso3n74mVPA5LTZwkB9NlXf4XPamLxJE8h0gh73rM94xvwRT2CVInw==}

  ts-node@10.9.2:
    resolution: {integrity: sha512-f0FFpIdcHgn8zcPSbf1dRevwt047YMnaiJM3u2w2RewrB+fob/zePZcrOyQoLMMO7aBIddLcQIEK5dYjkLnGrQ==}
    hasBin: true
    peerDependencies:
      '@swc/core': '>=1.2.50'
      '@swc/wasm': '>=1.2.50'
      '@types/node': '*'
      typescript: '>=2.7'
    peerDependenciesMeta:
      '@swc/core':
        optional: true
      '@swc/wasm':
        optional: true

  typescript@5.9.3:
    resolution: {integrity: sha512-jl1vZzPDinLr9eUt3J/t7V6FgNEw9QjvBPdysz9KfQDD41fQrC2Y4vKQdiaUpFT4bXlb1RHhLpp8wtm6M5TgSw==}
    engines: {node: '>=14.17'}
    hasBin: true

  undici-types@6.21.0:
    resolution: {integrity: sha512-iwDZqg0QAGrg9Rav5H4n0M64c3mkR59cJ6wQp+7C4nI0gsmExaedaYLNO44eT4AtBBwjbTiGPMlt2Md0T9H9JQ==}

  undici-types@8.1.0:
    resolution: {integrity: sha512-JlLXdMmH4kxyn2JPtGK/cajzKY7F15OKYG8sO5HfkIC1AC09sLUeptGFKjnMWnprDQ2EwzYDO3kgzkK3aaoHCA==}

  v8-compile-cache-lib@3.0.1:
    resolution: {integrity: sha512-wa7YjyUGfNZngI/vtK0UHAN+lgDCxBPCylVXGp0zu59Fz5aiGtNXaq3DhIov063MorB+VfufLh3JlF2KdTK3xg==}

  ws@8.20.0:
    resolution: {integrity: sha512-sAt8BhgNbzCtgGbt2OxmpuryO63ZoDk/sqaB/znQm94T4fCEsy/yV+7CdC1kJhOU9lboAEU7R3kquuycDoibVA==}
    engines: {node: '>=10.0.0'}
    peerDependencies:
      bufferutil: ^4.0.1
      utf-8-validate: '>=5.0.2'
    peerDependenciesMeta:
      bufferutil:
        optional: true
      utf-8-validate:
        optional: true

  yn@3.1.1:
    resolution: {integrity: sha512-Ux4ygGWsu2c7isFWe8Yu1YluJmqVhxqK2cLXNQA5AcC3QfbGNpM7fu0Y8b/z16pXLnFxZYvWhd3fhBY9DLmC6Q==}
    engines: {node: '>=6'}

snapshots:

  '@cspotcode/source-map-support@0.8.1':
    dependencies:
      '@jridgewell/trace-mapping': 0.3.9

  '@jridgewell/resolve-uri@3.1.2': {}

  '@jridgewell/sourcemap-codec@1.5.5': {}

  '@jridgewell/trace-mapping@0.3.9':
    dependencies:
      '@jridgewell/resolve-uri': 3.1.2
      '@jridgewell/sourcemap-codec': 1.5.5

  '@solana-program/address-lookup-table@0.11.0(@solana/kit@6.8.0(typescript@5.9.3))':
    dependencies:
      '@solana/kit': 6.8.0(typescript@5.9.3)

  '@solana-program/compute-budget@0.15.0(@solana/kit@6.8.0(typescript@5.9.3))':
    dependencies:
      '@solana/kit': 6.8.0(typescript@5.9.3)

  '@solana-program/system@0.12.0(@solana/kit@6.8.0(typescript@5.9.3))':
    dependencies:
      '@solana/kit': 6.8.0(typescript@5.9.3)

  '@solana-program/token@0.13.0(@solana/kit@6.8.0(typescript@5.9.3))':
    dependencies:
      '@solana-program/system': 0.12.0(@solana/kit@6.8.0(typescript@5.9.3))
      '@solana/kit': 6.8.0(typescript@5.9.3)

  '@solana/accounts@6.8.0(typescript@5.9.3)':
    dependencies:
      '@solana/addresses': 6.8.0(typescript@5.9.3)
      '@solana/codecs-core': 6.8.0(typescript@5.9.3)
      '@solana/codecs-strings': 6.8.0(typescript@5.9.3)
      '@solana/errors': 6.8.0(typescript@5.9.3)
      '@solana/rpc-spec': 6.8.0(typescript@5.9.3)
      '@solana/rpc-types': 6.8.0(typescript@5.9.3)
    optionalDependencies:
      typescript: 5.9.3
    transitivePeerDependencies:
      - fastestsmallesttextencoderdecoder

  '@solana/addresses@6.8.0(typescript@5.9.3)':
    dependencies:
      '@solana/assertions': 6.8.0(typescript@5.9.3)
      '@solana/codecs-core': 6.8.0(typescript@5.9.3)
      '@solana/codecs-strings': 6.8.0(typescript@5.9.3)
      '@solana/errors': 6.8.0(typescript@5.9.3)
      '@solana/nominal-types': 6.8.0(typescript@5.9.3)
    optionalDependencies:
      typescript: 5.9.3
    transitivePeerDependencies:
      - fastestsmallesttextencoderdecoder

  '@solana/assertions@6.8.0(typescript@5.9.3)':
    dependencies:
      '@solana/errors': 6.8.0(typescript@5.9.3)
    optionalDependencies:
      typescript: 5.9.3

  '@solana/codecs-core@6.8.0(typescript@5.9.3)':
    dependencies:
      '@solana/errors': 6.8.0(typescript@5.9.3)
    optionalDependencies:
      typescript: 5.9.3

  '@solana/codecs-data-structures@6.8.0(typescript@5.9.3)':
    dependencies:
      '@solana/codecs-core': 6.8.0(typescript@5.9.3)
      '@solana/codecs-numbers': 6.8.0(typescript@5.9.3)
      '@solana/errors': 6.8.0(typescript@5.9.3)
    optionalDependencies:
      typescript: 5.9.3

  '@solana/codecs-numbers@6.8.0(typescript@5.9.3)':
    dependencies:
      '@solana/codecs-core': 6.8.0(typescript@5.9.3)
      '@solana/errors': 6.8.0(typescript@5.9.3)
    optionalDependencies:
      typescript: 5.9.3

  '@solana/codecs-strings@6.8.0(typescript@5.9.3)':
    dependencies:
      '@solana/codecs-core': 6.8.0(typescript@5.9.3)
      '@solana/codecs-numbers': 6.8.0(typescript@5.9.3)
      '@solana/errors': 6.8.0(typescript@5.9.3)
    optionalDependencies:
      typescript: 5.9.3

  '@solana/codecs@6.8.0(typescript@5.9.3)':
    dependencies:
      '@solana/codecs-core': 6.8.0(typescript@5.9.3)
      '@solana/codecs-data-structures': 6.8.0(typescript@5.9.3)
      '@solana/codecs-numbers': 6.8.0(typescript@5.9.3)
      '@solana/codecs-strings': 6.8.0(typescript@5.9.3)
      '@solana/options': 6.8.0(typescript@5.9.3)
    optionalDependencies:
      typescript: 5.9.3
    transitivePeerDependencies:
      - fastestsmallesttextencoderdecoder

  '@solana/errors@6.8.0(typescript@5.9.3)':
    dependencies:
      chalk: 5.6.2
      commander: 14.0.3
    optionalDependencies:
      typescript: 5.9.3

  '@solana/fast-stable-stringify@6.8.0(typescript@5.9.3)':
    optionalDependencies:
      typescript: 5.9.3

  '@solana/functional@6.8.0(typescript@5.9.3)':
    optionalDependencies:
      typescript: 5.9.3

  '@solana/instruction-plans@6.8.0(typescript@5.9.3)':
    dependencies:
      '@solana/errors': 6.8.0(typescript@5.9.3)
      '@solana/instructions': 6.8.0(typescript@5.9.3)
      '@solana/keys': 6.8.0(typescript@5.9.3)
      '@solana/promises': 6.8.0(typescript@5.9.3)
      '@solana/transaction-messages': 6.8.0(typescript@5.9.3)
      '@solana/transactions': 6.8.0(typescript@5.9.3)
    optionalDependencies:
      typescript: 5.9.3
    transitivePeerDependencies:
      - fastestsmallesttextencoderdecoder

  '@solana/instructions@6.8.0(typescript@5.9.3)':
    dependencies:
      '@solana/codecs-core': 6.8.0(typescript@5.9.3)
      '@solana/errors': 6.8.0(typescript@5.9.3)
    optionalDependencies:
      typescript: 5.9.3

  '@solana/keys@6.8.0(typescript@5.9.3)':
    dependencies:
      '@solana/assertions': 6.8.0(typescript@5.9.3)
      '@solana/codecs-core': 6.8.0(typescript@5.9.3)
      '@solana/codecs-strings': 6.8.0(typescript@5.9.3)
      '@solana/errors': 6.8.0(typescript@5.9.3)
      '@solana/nominal-types': 6.8.0(typescript@5.9.3)
      '@solana/promises': 6.8.0(typescript@5.9.3)
    optionalDependencies:
      typescript: 5.9.3
    transitivePeerDependencies:
      - fastestsmallesttextencoderdecoder

  '@solana/kit@6.8.0(typescript@5.9.3)':
    dependencies:
      '@solana/accounts': 6.8.0(typescript@5.9.3)
      '@solana/addresses': 6.8.0(typescript@5.9.3)
      '@solana/codecs': 6.8.0(typescript@5.9.3)
      '@solana/errors': 6.8.0(typescript@5.9.3)
      '@solana/functional': 6.8.0(typescript@5.9.3)
      '@solana/instruction-plans': 6.8.0(typescript@5.9.3)
      '@solana/instructions': 6.8.0(typescript@5.9.3)
      '@solana/keys': 6.8.0(typescript@5.9.3)
      '@solana/offchain-messages': 6.8.0(typescript@5.9.3)
      '@solana/plugin-core': 6.8.0(typescript@5.9.3)
      '@solana/plugin-interfaces': 6.8.0(typescript@5.9.3)
      '@solana/program-client-core': 6.8.0(typescript@5.9.3)
      '@solana/programs': 6.8.0(typescript@5.9.3)
      '@solana/rpc': 6.8.0(typescript@5.9.3)
      '@solana/rpc-api': 6.8.0(typescript@5.9.3)
      '@solana/rpc-parsed-types': 6.8.0(typescript@5.9.3)
      '@solana/rpc-spec-types': 6.8.0(typescript@5.9.3)
      '@solana/rpc-subscriptions': 6.8.0(typescript@5.9.3)
      '@solana/rpc-types': 6.8.0(typescript@5.9.3)
      '@solana/signers': 6.8.0(typescript@5.9.3)
      '@solana/subscribable': 6.8.0(typescript@5.9.3)
      '@solana/sysvars': 6.8.0(typescript@5.9.3)
      '@solana/transaction-confirmation': 6.8.0(typescript@5.9.3)
      '@solana/transaction-messages': 6.8.0(typescript@5.9.3)
      '@solana/transactions': 6.8.0(typescript@5.9.3)
    optionalDependencies:
      typescript: 5.9.3
    transitivePeerDependencies:
      - bufferutil
      - fastestsmallesttextencoderdecoder
      - utf-8-validate

  '@solana/nominal-types@6.8.0(typescript@5.9.3)':
    optionalDependencies:
      typescript: 5.9.3

  '@solana/offchain-messages@6.8.0(typescript@5.9.3)':
    dependencies:
      '@solana/addresses': 6.8.0(typescript@5.9.3)
      '@solana/codecs-core': 6.8.0(typescript@5.9.3)
      '@solana/codecs-data-structures': 6.8.0(typescript@5.9.3)
      '@solana/codecs-numbers': 6.8.0(typescript@5.9.3)
      '@solana/codecs-strings': 6.8.0(typescript@5.9.3)
      '@solana/errors': 6.8.0(typescript@5.9.3)
      '@solana/keys': 6.8.0(typescript@5.9.3)
      '@solana/nominal-types': 6.8.0(typescript@5.9.3)
    optionalDependencies:
      typescript: 5.9.3
    transitivePeerDependencies:
      - fastestsmallesttextencoderdecoder

  '@solana/options@6.8.0(typescript@5.9.3)':
    dependencies:
      '@solana/codecs-core': 6.8.0(typescript@5.9.3)
      '@solana/codecs-data-structures': 6.8.0(typescript@5.9.3)
      '@solana/codecs-numbers': 6.8.0(typescript@5.9.3)
      '@solana/codecs-strings': 6.8.0(typescript@5.9.3)
      '@solana/errors': 6.8.0(typescript@5.9.3)
    optionalDependencies:
      typescript: 5.9.3
    transitivePeerDependencies:
      - fastestsmallesttextencoderdecoder

  '@solana/plugin-core@6.8.0(typescript@5.9.3)':
    optionalDependencies:
      typescript: 5.9.3

  '@solana/plugin-interfaces@6.8.0(typescript@5.9.3)':
    dependencies:
      '@solana/addresses': 6.8.0(typescript@5.9.3)
      '@solana/instruction-plans': 6.8.0(typescript@5.9.3)
      '@solana/keys': 6.8.0(typescript@5.9.3)
      '@solana/rpc-spec': 6.8.0(typescript@5.9.3)
      '@solana/rpc-subscriptions-spec': 6.8.0(typescript@5.9.3)
      '@solana/rpc-types': 6.8.0(typescript@5.9.3)
      '@solana/signers': 6.8.0(typescript@5.9.3)
    optionalDependencies:
      typescript: 5.9.3
    transitivePeerDependencies:
      - fastestsmallesttextencoderdecoder

  '@solana/program-client-core@6.8.0(typescript@5.9.3)':
    dependencies:
      '@solana/accounts': 6.8.0(typescript@5.9.3)
      '@solana/addresses': 6.8.0(typescript@5.9.3)
      '@solana/codecs-core': 6.8.0(typescript@5.9.3)
      '@solana/errors': 6.8.0(typescript@5.9.3)
      '@solana/instruction-plans': 6.8.0(typescript@5.9.3)
      '@solana/instructions': 6.8.0(typescript@5.9.3)
      '@solana/plugin-interfaces': 6.8.0(typescript@5.9.3)
      '@solana/rpc-api': 6.8.0(typescript@5.9.3)
      '@solana/signers': 6.8.0(typescript@5.9.3)
    optionalDependencies:
      typescript: 5.9.3
    transitivePeerDependencies:
      - fastestsmallesttextencoderdecoder

  '@solana/programs@6.8.0(typescript@5.9.3)':
    dependencies:
      '@solana/addresses': 6.8.0(typescript@5.9.3)
      '@solana/errors': 6.8.0(typescript@5.9.3)
    optionalDependencies:
      typescript: 5.9.3
    transitivePeerDependencies:
      - fastestsmallesttextencoderdecoder

  '@solana/promises@6.8.0(typescript@5.9.3)':
    optionalDependencies:
      typescript: 5.9.3

  '@solana/rpc-api@6.8.0(typescript@5.9.3)':
    dependencies:
      '@solana/addresses': 6.8.0(typescript@5.9.3)
      '@solana/codecs-core': 6.8.0(typescript@5.9.3)
      '@solana/codecs-strings': 6.8.0(typescript@5.9.3)
      '@solana/errors': 6.8.0(typescript@5.9.3)
      '@solana/keys': 6.8.0(typescript@5.9.3)
      '@solana/rpc-parsed-types': 6.8.0(typescript@5.9.3)
      '@solana/rpc-spec': 6.8.0(typescript@5.9.3)
      '@solana/rpc-transformers': 6.8.0(typescript@5.9.3)
      '@solana/rpc-types': 6.8.0(typescript@5.9.3)
      '@solana/transaction-messages': 6.8.0(typescript@5.9.3)
      '@solana/transactions': 6.8.0(typescript@5.9.3)
    optionalDependencies:
      typescript: 5.9.3
    transitivePeerDependencies:
      - fastestsmallesttextencoderdecoder

  '@solana/rpc-parsed-types@6.8.0(typescript@5.9.3)':
    optionalDependencies:
      typescript: 5.9.3

  '@solana/rpc-spec-types@6.8.0(typescript@5.9.3)':
    optionalDependencies:
      typescript: 5.9.3

  '@solana/rpc-spec@6.8.0(typescript@5.9.3)':
    dependencies:
      '@solana/errors': 6.8.0(typescript@5.9.3)
      '@solana/rpc-spec-types': 6.8.0(typescript@5.9.3)
    optionalDependencies:
      typescript: 5.9.3

  '@solana/rpc-subscriptions-api@6.8.0(typescript@5.9.3)':
    dependencies:
      '@solana/addresses': 6.8.0(typescript@5.9.3)
      '@solana/keys': 6.8.0(typescript@5.9.3)
      '@solana/rpc-subscriptions-spec': 6.8.0(typescript@5.9.3)
      '@solana/rpc-transformers': 6.8.0(typescript@5.9.3)
      '@solana/rpc-types': 6.8.0(typescript@5.9.3)
      '@solana/transaction-messages': 6.8.0(typescript@5.9.3)
      '@solana/transactions': 6.8.0(typescript@5.9.3)
    optionalDependencies:
      typescript: 5.9.3
    transitivePeerDependencies:
      - fastestsmallesttextencoderdecoder

  '@solana/rpc-subscriptions-channel-websocket@6.8.0(typescript@5.9.3)':
    dependencies:
      '@solana/errors': 6.8.0(typescript@5.9.3)
      '@solana/functional': 6.8.0(typescript@5.9.3)
      '@solana/rpc-subscriptions-spec': 6.8.0(typescript@5.9.3)
      '@solana/subscribable': 6.8.0(typescript@5.9.3)
      ws: 8.20.0
    optionalDependencies:
      typescript: 5.9.3
    transitivePeerDependencies:
      - bufferutil
      - utf-8-validate

  '@solana/rpc-subscriptions-spec@6.8.0(typescript@5.9.3)':
    dependencies:
      '@solana/errors': 6.8.0(typescript@5.9.3)
      '@solana/promises': 6.8.0(typescript@5.9.3)
      '@solana/rpc-spec-types': 6.8.0(typescript@5.9.3)
      '@solana/subscribable': 6.8.0(typescript@5.9.3)
    optionalDependencies:
      typescript: 5.9.3

  '@solana/rpc-subscriptions@6.8.0(typescript@5.9.3)':
    dependencies:
      '@solana/errors': 6.8.0(typescript@5.9.3)
      '@solana/fast-stable-stringify': 6.8.0(typescript@5.9.3)
      '@solana/functional': 6.8.0(typescript@5.9.3)
      '@solana/promises': 6.8.0(typescript@5.9.3)
      '@solana/rpc-spec-types': 6.8.0(typescript@5.9.3)
      '@solana/rpc-subscriptions-api': 6.8.0(typescript@5.9.3)
      '@solana/rpc-subscriptions-channel-websocket': 6.8.0(typescript@5.9.3)
      '@solana/rpc-subscriptions-spec': 6.8.0(typescript@5.9.3)
      '@solana/rpc-transformers': 6.8.0(typescript@5.9.3)
      '@solana/rpc-types': 6.8.0(typescript@5.9.3)
      '@solana/subscribable': 6.8.0(typescript@5.9.3)
    optionalDependencies:
      typescript: 5.9.3
    transitivePeerDependencies:
      - bufferutil
      - fastestsmallesttextencoderdecoder
      - utf-8-validate

  '@solana/rpc-transformers@6.8.0(typescript@5.9.3)':
    dependencies:
      '@solana/errors': 6.8.0(typescript@5.9.3)
      '@solana/functional': 6.8.0(typescript@5.9.3)
      '@solana/nominal-types': 6.8.0(typescript@5.9.3)
      '@solana/rpc-spec-types': 6.8.0(typescript@5.9.3)
      '@solana/rpc-types': 6.8.0(typescript@5.9.3)
    optionalDependencies:
      typescript: 5.9.3
    transitivePeerDependencies:
      - fastestsmallesttextencoderdecoder

  '@solana/rpc-transport-http@6.8.0(typescript@5.9.3)':
    dependencies:
      '@solana/errors': 6.8.0(typescript@5.9.3)
      '@solana/rpc-spec': 6.8.0(typescript@5.9.3)
      '@solana/rpc-spec-types': 6.8.0(typescript@5.9.3)
      undici-types: 8.1.0
    optionalDependencies:
      typescript: 5.9.3

  '@solana/rpc-types@6.8.0(typescript@5.9.3)':
    dependencies:
      '@solana/addresses': 6.8.0(typescript@5.9.3)
      '@solana/codecs-core': 6.8.0(typescript@5.9.3)
      '@solana/codecs-numbers': 6.8.0(typescript@5.9.3)
      '@solana/codecs-strings': 6.8.0(typescript@5.9.3)
      '@solana/errors': 6.8.0(typescript@5.9.3)
      '@solana/nominal-types': 6.8.0(typescript@5.9.3)
    optionalDependencies:
      typescript: 5.9.3
    transitivePeerDependencies:
      - fastestsmallesttextencoderdecoder

  '@solana/rpc@6.8.0(typescript@5.9.3)':
    dependencies:
      '@solana/errors': 6.8.0(typescript@5.9.3)
      '@solana/fast-stable-stringify': 6.8.0(typescript@5.9.3)
      '@solana/functional': 6.8.0(typescript@5.9.3)
      '@solana/rpc-api': 6.8.0(typescript@5.9.3)
      '@solana/rpc-spec': 6.8.0(typescript@5.9.3)
      '@solana/rpc-spec-types': 6.8.0(typescript@5.9.3)
      '@solana/rpc-transformers': 6.8.0(typescript@5.9.3)
      '@solana/rpc-transport-http': 6.8.0(typescript@5.9.3)
      '@solana/rpc-types': 6.8.0(typescript@5.9.3)
    optionalDependencies:
      typescript: 5.9.3
    transitivePeerDependencies:
      - fastestsmallesttextencoderdecoder

  '@solana/signers@6.8.0(typescript@5.9.3)':
    dependencies:
      '@solana/addresses': 6.8.0(typescript@5.9.3)
      '@solana/codecs-core': 6.8.0(typescript@5.9.3)
      '@solana/errors': 6.8.0(typescript@5.9.3)
      '@solana/instructions': 6.8.0(typescript@5.9.3)
      '@solana/keys': 6.8.0(typescript@5.9.3)
      '@solana/nominal-types': 6.8.0(typescript@5.9.3)
      '@solana/offchain-messages': 6.8.0(typescript@5.9.3)
      '@solana/transaction-messages': 6.8.0(typescript@5.9.3)
      '@solana/transactions': 6.8.0(typescript@5.9.3)
    optionalDependencies:
      typescript: 5.9.3
    transitivePeerDependencies:
      - fastestsmallesttextencoderdecoder

  '@solana/subscribable@6.8.0(typescript@5.9.3)':
    dependencies:
      '@solana/errors': 6.8.0(typescript@5.9.3)
    optionalDependencies:
      typescript: 5.9.3

  '@solana/sysvars@6.8.0(typescript@5.9.3)':
    dependencies:
      '@solana/accounts': 6.8.0(typescript@5.9.3)
      '@solana/codecs-core': 6.8.0(typescript@5.9.3)
      '@solana/codecs-data-structures': 6.8.0(typescript@5.9.3)
      '@solana/codecs-numbers': 6.8.0(typescript@5.9.3)
      '@solana/errors': 6.8.0(typescript@5.9.3)
      '@solana/rpc-types': 6.8.0(typescript@5.9.3)
    optionalDependencies:
      typescript: 5.9.3
    transitivePeerDependencies:
      - fastestsmallesttextencoderdecoder

  '@solana/transaction-confirmation@6.8.0(typescript@5.9.3)':
    dependencies:
      '@solana/addresses': 6.8.0(typescript@5.9.3)
      '@solana/codecs-strings': 6.8.0(typescript@5.9.3)
      '@solana/errors': 6.8.0(typescript@5.9.3)
      '@solana/keys': 6.8.0(typescript@5.9.3)
      '@solana/promises': 6.8.0(typescript@5.9.3)
      '@solana/rpc': 6.8.0(typescript@5.9.3)
      '@solana/rpc-subscriptions': 6.8.0(typescript@5.9.3)
      '@solana/rpc-types': 6.8.0(typescript@5.9.3)
      '@solana/transaction-messages': 6.8.0(typescript@5.9.3)
      '@solana/transactions': 6.8.0(typescript@5.9.3)
    optionalDependencies:
      typescript: 5.9.3
    transitivePeerDependencies:
      - bufferutil
      - fastestsmallesttextencoderdecoder
      - utf-8-validate

  '@solana/transaction-messages@6.8.0(typescript@5.9.3)':
    dependencies:
      '@solana/addresses': 6.8.0(typescript@5.9.3)
      '@solana/codecs-core': 6.8.0(typescript@5.9.3)
      '@solana/codecs-data-structures': 6.8.0(typescript@5.9.3)
      '@solana/codecs-numbers': 6.8.0(typescript@5.9.3)
      '@solana/errors': 6.8.0(typescript@5.9.3)
      '@solana/functional': 6.8.0(typescript@5.9.3)
      '@solana/instructions': 6.8.0(typescript@5.9.3)
      '@solana/nominal-types': 6.8.0(typescript@5.9.3)
      '@solana/rpc-types': 6.8.0(typescript@5.9.3)
    optionalDependencies:
      typescript: 5.9.3
    transitivePeerDependencies:
      - fastestsmallesttextencoderdecoder

  '@solana/transactions@6.8.0(typescript@5.9.3)':
    dependencies:
      '@solana/addresses': 6.8.0(typescript@5.9.3)
      '@solana/codecs-core': 6.8.0(typescript@5.9.3)
      '@solana/codecs-data-structures': 6.8.0(typescript@5.9.3)
      '@solana/codecs-numbers': 6.8.0(typescript@5.9.3)
      '@solana/codecs-strings': 6.8.0(typescript@5.9.3)
      '@solana/errors': 6.8.0(typescript@5.9.3)
      '@solana/functional': 6.8.0(typescript@5.9.3)
      '@solana/instructions': 6.8.0(typescript@5.9.3)
      '@solana/keys': 6.8.0(typescript@5.9.3)
      '@solana/nominal-types': 6.8.0(typescript@5.9.3)
      '@solana/rpc-types': 6.8.0(typescript@5.9.3)
      '@solana/transaction-messages': 6.8.0(typescript@5.9.3)
    optionalDependencies:
      typescript: 5.9.3
    transitivePeerDependencies:
      - fastestsmallesttextencoderdecoder

  '@tsconfig/node10@1.0.12': {}

  '@tsconfig/node12@1.0.11': {}

  '@tsconfig/node14@1.0.3': {}

  '@tsconfig/node16@1.0.4': {}

  '@types/node@22.19.17':
    dependencies:
      undici-types: 6.21.0

  '@voltr/vault-sdk@2.0.0(@solana/kit@6.8.0(typescript@5.9.3))(typescript@5.9.3)':
    dependencies:
      '@solana/kit': 6.8.0(typescript@5.9.3)
      '@solana/program-client-core': 6.8.0(typescript@5.9.3)
    transitivePeerDependencies:
      - fastestsmallesttextencoderdecoder
      - typescript

  acorn-walk@8.3.5:
    dependencies:
      acorn: 8.16.0

  acorn@8.16.0: {}

  arg@4.1.3: {}

  base-x@5.0.1: {}

  bs58@6.0.0:
    dependencies:
      base-x: 5.0.1

  chalk@5.6.2: {}

  commander@14.0.3: {}

  create-require@1.1.1: {}

  diff@4.0.4: {}

  dotenv@16.6.1: {}

  make-error@1.3.6: {}

  ts-node@10.9.2(@types/node@22.19.17)(typescript@5.9.3):
    dependencies:
      '@cspotcode/source-map-support': 0.8.1
      '@tsconfig/node10': 1.0.12
      '@tsconfig/node12': 1.0.11
      '@tsconfig/node14': 1.0.3
      '@tsconfig/node16': 1.0.4
      '@types/node': 22.19.17
      acorn: 8.16.0
      acorn-walk: 8.3.5
      arg: 4.1.3
      create-require: 1.1.1
      diff: 4.0.4
      make-error: 1.3.6
      typescript: 5.9.3
      v8-compile-cache-lib: 3.0.1
      yn: 3.1.1

  typescript@5.9.3: {}

  undici-types@6.21.0: {}

  undici-types@8.1.0: {}

  v8-compile-cache-lib@3.0.1: {}

  ws@8.20.0: {}

  yn@3.1.1: {}
